Microsoft Visual Studio Solution File, Format Version 12.00
# Visual Studio 15
VisualStudioVersion = 15.0.28307.1684
MinimumVisualStudioVersion = 10.0.40219.1
Project("{FAE04EC0-301F-11D3-BF4B-00C04F79EFBC}") = "Gann Hilo Pro Strategy", "Gann Hilo Pro Strategy\Gann Hilo Pro Strategy.csproj", "{74E94443-DDB4-4650-A699-ADE5DCF2EDBC}"
EndProject
Project("{FAE04EC0-301F-11D3-BF4B-00C04F79EFBC}") = "Gann HiLo Pro Indicator", "..\..\Indicators\Gann HiLo Pro Indicator\Gann HiLo Pro Indicator\Gann HiLo Pro Indicator.csproj", "{95633B8F-EA41-41A9-B01F-3637E5483879}"
EndProject
Global
	GlobalSection(SolutionConfigurationPlatforms) = preSolution
		Debug|Any CPU = Debug|Any CPU
		Release|Any CPU = Release|Any CPU
	EndGlobalSection
	GlobalSection(ProjectConfigurationPlatforms) = postSolution
		{74E94443-DDB4-4650-A699-ADE5DCF2EDBC}.Debug|Any CPU.ActiveCfg = Debug|Any CPU
		{74E94443-DDB4-4650-A699-ADE5DCF2EDBC}.Debug|Any CPU.Build.0 = Debug|Any CPU
		{74E94443-DDB4-4650-A699-ADE5DCF2EDBC}.Release|Any CPU.ActiveCfg = Release|Any CPU
		{74E94443-DDB4-4650-A699-ADE5DCF2EDBC}.Release|Any CPU.Build.0 = Release|Any CPU
		{95633B8F-EA41-41A9-B01F-3637E5483879}.Debug|Any CPU.ActiveCfg = Debug|Any CPU
		{95633B8F-EA41-41A9-B01F-3637E5483879}.Debug|Any CPU.Build.0 = Debug|Any CPU
		{95633B8F-EA41-41A9-B01F-3637E5483879}.Release|Any CPU.ActiveCfg = Release|Any CPU
		{95633B8F-EA41-41A9-B01F-3637E5483879}.Release|Any CPU.Build.0 = Release|Any CPU
	EndGlobalSection
	GlobalSection(SolutionProperties) = preSolution
		HideSolutionNode = FALSE
	EndGlobalSection
	GlobalSection(ExtensibilityGlobals) = postSolution
		SolutionGuid = {51F9F898-5E43-4E12-8FE5-FC803AA59E6C}
	EndGlobalSection
EndGlobal
