Microsoft Visual Studio Solution File, Format Version 12.00
# Visual Studio 15
VisualStudioVersion = 15.0.28307.1433
MinimumVisualStudioVersion = 10.0.40219.1
Project("{FAE04EC0-301F-11D3-BF4B-00C04F79EFBC}") = "ConfirmationTesterQQE", "ConfirmationTesterQQE\ConfirmationTesterQQE.csproj", "{7830C52D-562E-4563-AEC3-E00CD0B20C84}"
EndProject
Project("{FAE04EC0-301F-11D3-BF4B-00C04F79EFBC}") = "CustomQualitativeQuantitativeEstimation", "..\..\Indicators\CustomQualitativeQuantitativeEstimation\CustomQualitativeQuantitativeEstimation\CustomQualitativeQuantitativeEstimation.csproj", "{8B7DEA62-8648-4B1F-94DB-7FCF4D1BBA85}"
EndProject
Global
	GlobalSection(SolutionConfigurationPlatforms) = preSolution
		Debug|Any CPU = Debug|Any CPU
		Release|Any CPU = Release|Any CPU
	EndGlobalSection
	GlobalSection(ProjectConfigurationPlatforms) = postSolution
		{7830C52D-562E-4563-AEC3-E00CD0B20C84}.Debug|Any CPU.ActiveCfg = Debug|Any CPU
		{7830C52D-562E-4563-AEC3-E00CD0B20C84}.Debug|Any CPU.Build.0 = Debug|Any CPU
		{7830C52D-562E-4563-AEC3-E00CD0B20C84}.Release|Any CPU.ActiveCfg = Release|Any CPU
		{7830C52D-562E-4563-AEC3-E00CD0B20C84}.Release|Any CPU.Build.0 = Release|Any CPU
		{8B7DEA62-8648-4B1F-94DB-7FCF4D1BBA85}.Debug|Any CPU.ActiveCfg = Debug|Any CPU
		{8B7DEA62-8648-4B1F-94DB-7FCF4D1BBA85}.Debug|Any CPU.Build.0 = Debug|Any CPU
		{8B7DEA62-8648-4B1F-94DB-7FCF4D1BBA85}.Release|Any CPU.ActiveCfg = Release|Any CPU
		{8B7DEA62-8648-4B1F-94DB-7FCF4D1BBA85}.Release|Any CPU.Build.0 = Release|Any CPU
	EndGlobalSection
	GlobalSection(SolutionProperties) = preSolution
		HideSolutionNode = FALSE
	EndGlobalSection
	GlobalSection(ExtensibilityGlobals) = postSolution
		SolutionGuid = {5D601062-B149-43A2-A8F2-3FEEA1FDD52A}
	EndGlobalSection
EndGlobal
