
Microsoft Visual Studio Solution File, Format Version 11.00
# Visual Studio 2010
Project("{FAE04EC0-301F-11D3-BF4B-00C04F79EFBC}") = "Moving Average Pro Strategy", "Moving Average Pro Strategy\Moving Average Pro Strategy.csproj", "{3D76CB93-D805-40FA-ADE5-FE27D0B3B668}"
EndProject
Global
	GlobalSection(SolutionConfigurationPlatforms) = preSolution
		Debug|Any CPU = Debug|Any CPU
		Release|Any CPU = Release|Any CPU
	EndGlobalSection
	GlobalSection(ProjectConfigurationPlatforms) = postSolution
		{3D76CB93-D805-40FA-ADE5-FE27D0B3B668}.Debug|Any CPU.ActiveCfg = Debug|Any CPU
		{3D76CB93-D805-40FA-ADE5-FE27D0B3B668}.Debug|Any CPU.Build.0 = Debug|Any CPU
		{3D76CB93-D805-40FA-ADE5-FE27D0B3B668}.Release|Any CPU.ActiveCfg = Release|Any CPU
		{3D76CB93-D805-40FA-ADE5-FE27D0B3B668}.Release|Any CPU.Build.0 = Release|Any CPU
	EndGlobalSection
	GlobalSection(SolutionProperties) = preSolution
		HideSolutionNode = FALSE
	EndGlobalSection
EndGlobal
