
Microsoft Visual Studio Solution File, Format Version 11.00
# Visual Studio 2010
Project("{FAE04EC0-301F-11D3-BF4B-00C04F79EFBC}") = "CustomDSSBressert", "CustomDSSBressert\CustomDSSBressert.csproj", "{C352EDCB-6CC0-4517-A49E-AC5D8B1F383A}"
EndProject
Global
	GlobalSection(SolutionConfigurationPlatforms) = preSolution
		Debug|Any CPU = Debug|Any CPU
		Release|Any CPU = Release|Any CPU
	EndGlobalSection
	GlobalSection(ProjectConfigurationPlatforms) = postSolution
		{C352EDCB-6CC0-4517-A49E-AC5D8B1F383A}.Debug|Any CPU.ActiveCfg = Debug|Any CPU
		{C352EDCB-6CC0-4517-A49E-AC5D8B1F383A}.Debug|Any CPU.Build.0 = Debug|Any CPU
		{C352EDCB-6CC0-4517-A49E-AC5D8B1F383A}.Release|Any CPU.ActiveCfg = Release|Any CPU
		{C352EDCB-6CC0-4517-A49E-AC5D8B1F383A}.Release|Any CPU.Build.0 = Release|Any CPU
	EndGlobalSection
	GlobalSection(SolutionProperties) = preSolution
		HideSolutionNode = FALSE
	EndGlobalSection
EndGlobal
