
Microsoft Visual Studio Solution File, Format Version 11.00
# Visual Studio 2010
Project("{FAE04EC0-301F-11D3-BF4B-00C04F79EFBC}") = "CustomAbsoluteStrenghtLines", "CustomAbsoluteStrenghtLines\CustomAbsoluteStrenghtLines.csproj", "{92A40136-93EF-4EE7-96C5-4B2021FAA784}"
EndProject
Global
	GlobalSection(SolutionConfigurationPlatforms) = preSolution
		Debug|Any CPU = Debug|Any CPU
		Release|Any CPU = Release|Any CPU
	EndGlobalSection
	GlobalSection(ProjectConfigurationPlatforms) = postSolution
		{92A40136-93EF-4EE7-96C5-4B2021FAA784}.Debug|Any CPU.ActiveCfg = Debug|Any CPU
		{92A40136-93EF-4EE7-96C5-4B2021FAA784}.Debug|Any CPU.Build.0 = Debug|Any CPU
		{92A40136-93EF-4EE7-96C5-4B2021FAA784}.Release|Any CPU.ActiveCfg = Release|Any CPU
		{92A40136-93EF-4EE7-96C5-4B2021FAA784}.Release|Any CPU.Build.0 = Release|Any CPU
	EndGlobalSection
	GlobalSection(SolutionProperties) = preSolution
		HideSolutionNode = FALSE
	EndGlobalSection
EndGlobal
