
Microsoft Visual Studio Solution File, Format Version 11.00
# Visual Studio 2010
Project("{FAE04EC0-301F-11D3-BF4B-00C04F79EFBC}") = "Pips De Oro Indicator", "Pips De Oro Indicator\Pips De Oro Indicator.csproj", "{A525E77B-2597-444D-94A1-39289CB52BD0}"
EndProject
Global
	GlobalSection(SolutionConfigurationPlatforms) = preSolution
		Debug|Any CPU = Debug|Any CPU
		Release|Any CPU = Release|Any CPU
	EndGlobalSection
	GlobalSection(ProjectConfigurationPlatforms) = postSolution
		{A525E77B-2597-444D-94A1-39289CB52BD0}.Debug|Any CPU.ActiveCfg = Debug|Any CPU
		{A525E77B-2597-444D-94A1-39289CB52BD0}.Debug|Any CPU.Build.0 = Debug|Any CPU
		{A525E77B-2597-444D-94A1-39289CB52BD0}.Release|Any CPU.ActiveCfg = Release|Any CPU
		{A525E77B-2597-444D-94A1-39289CB52BD0}.Release|Any CPU.Build.0 = Release|Any CPU
	EndGlobalSection
	GlobalSection(SolutionProperties) = preSolution
		HideSolutionNode = FALSE
	EndGlobalSection
EndGlobal
