
Microsoft Visual Studio Solution File, Format Version 11.00
# Visual Studio 2010
Project("{FAE04EC0-301F-11D3-BF4B-00C04F79EFBC}") = "Traders Dynamic Index", "Traders Dynamic Index\Traders Dynamic Index.csproj", "{19DFF922-1EBF-47C6-B62F-2667A04413EE}"
EndProject
Global
	GlobalSection(SolutionConfigurationPlatforms) = preSolution
		Debug|Any CPU = Debug|Any CPU
		Release|Any CPU = Release|Any CPU
	EndGlobalSection
	GlobalSection(ProjectConfigurationPlatforms) = postSolution
		{19DFF922-1EBF-47C6-B62F-2667A04413EE}.Debug|Any CPU.ActiveCfg = Debug|Any CPU
		{19DFF922-1EBF-47C6-B62F-2667A04413EE}.Debug|Any CPU.Build.0 = Debug|Any CPU
		{19DFF922-1EBF-47C6-B62F-2667A04413EE}.Release|Any CPU.ActiveCfg = Release|Any CPU
		{19DFF922-1EBF-47C6-B62F-2667A04413EE}.Release|Any CPU.Build.0 = Release|Any CPU
	EndGlobalSection
	GlobalSection(SolutionProperties) = preSolution
		HideSolutionNode = FALSE
	EndGlobalSection
EndGlobal
